
Microsoft Visual Studio Solution File, Format Version 12.00
Project("{FAE04EC0-301F-11D3-BF4B-00C04F79EFBC}") = "Client", "Client\Client.csproj", "{DA5E5B35-202B-4580-BA37-537575129BDD}"
EndProject
Global
	GlobalSection(SolutionConfigurationPlatforms) = preSolution
		Debug|Any CPU = Debug|Any CPU
		Release|Any CPU = Release|Any CPU
	EndGlobalSection
	GlobalSection(ProjectConfigurationPlatforms) = postSolution
		{DA5E5B35-202B-4580-BA37-537575129BDD}.Debug|Any CPU.ActiveCfg = Debug|Any CPU
		{DA5E5B35-202B-4580-BA37-537575129BDD}.Debug|Any CPU.Build.0 = Debug|Any CPU
		{DA5E5B35-202B-4580-BA37-537575129BDD}.Release|Any CPU.ActiveCfg = Release|Any CPU
		{DA5E5B35-202B-4580-BA37-537575129BDD}.Release|Any CPU.Build.0 = Release|Any CPU
	EndGlobalSection
EndGlobal
